
Microsoft Visual Studio Solution File, Format Version 12.00
# Visual Studio Version 16
VisualStudioVersion = 16.0.29709.97
MinimumVisualStudioVersion = 10.0.40219.1
Project("{9A19103F-16F7-4668-BE54-9A1E7A4F7556}") = "VacationScheduler", "WebApplication3\VacationScheduler.csproj", "{41AC3120-CE60-411E-BF29-F84D08BA1DC2}"
EndProject
Global
	GlobalSection(SolutionConfigurationPlatforms) = preSolution
		Debug|Any CPU = Debug|Any CPU
		Release|Any CPU = Release|Any CPU
	EndGlobalSection
	GlobalSection(ProjectConfigurationPlatforms) = postSolution
		{41AC3120-CE60-411E-BF29-F84D08BA1DC2}.Debug|Any CPU.ActiveCfg = Debug|Any CPU
		{41AC3120-CE60-411E-BF29-F84D08BA1DC2}.Debug|Any CPU.Build.0 = Debug|Any CPU
		{41AC3120-CE60-411E-BF29-F84D08BA1DC2}.Release|Any CPU.ActiveCfg = Release|Any CPU
		{41AC3120-CE60-411E-BF29-F84D08BA1DC2}.Release|Any CPU.Build.0 = Release|Any CPU
	EndGlobalSection
	GlobalSection(SolutionProperties) = preSolution
		HideSolutionNode = FALSE
	EndGlobalSection
	GlobalSection(ExtensibilityGlobals) = postSolution
		SolutionGuid = {5997CF8F-42F6-490D-89DF-9AB57E31C0C8}
	EndGlobalSection
EndGlobal
